
Microsoft Visual Studio Solution File, Format Version 12.00
# Visual Studio Version 16
VisualStudioVersion = 16.0.31205.134
MinimumVisualStudioVersion = 10.0.40219.1
Project("{9A19103F-16F7-4668-BE54-9A1E7A4F7556}") = "ZooWPFApp", "ZooWPFApp\ZooWPFApp.csproj", "{7DEBA59D-54F2-4524-B956-610EEE0C5EB5}"
EndProject
Project("{9A19103F-16F7-4668-BE54-9A1E7A4F7556}") = "ZooModelsTest", "ZooModelsTest\ZooModelsTest.csproj", "{1C406516-0D5E-43A8-9E9B-E5079F80ADB9}"
EndProject
Project("{9A19103F-16F7-4668-BE54-9A1E7A4F7556}") = "ZooFormsApp", "ZooFormsApp\ZooFormsApp.csproj", "{F2AD4556-1BA6-42C2-82D8-9E4D8F24CB6F}"
EndProject
Project("{FAE04EC0-301F-11D3-BF4B-00C04F79EFBC}") = "ZooXamarinApp.Android", "ZooXamarinApp\ZooXamarinApp.Android\ZooXamarinApp.Android.csproj", "{2D250EDB-D62B-4530-A744-075D7B5B5AF1}"
EndProject
Project("{9A19103F-16F7-4668-BE54-9A1E7A4F7556}") = "ZooXamarinApp", "ZooXamarinApp\ZooXamarinApp\ZooXamarinApp.csproj", "{62243488-E2DC-4801-8240-31D633A76500}"
EndProject
Project("{9A19103F-16F7-4668-BE54-9A1E7A4F7556}") = "ZooModelsNetStandard", "ZooModelsNetStandard\ZooModelsNetStandard.csproj", "{D8CC0247-D55D-492F-9487-9AF90BFFF3C0}"
EndProject
Global
	GlobalSection(SolutionConfigurationPlatforms) = preSolution
		Debug|Any CPU = Debug|Any CPU
		Release|Any CPU = Release|Any CPU
	EndGlobalSection
	GlobalSection(ProjectConfigurationPlatforms) = postSolution
		{7DEBA59D-54F2-4524-B956-610EEE0C5EB5}.Debug|Any CPU.ActiveCfg = Debug|Any CPU
		{7DEBA59D-54F2-4524-B956-610EEE0C5EB5}.Debug|Any CPU.Build.0 = Debug|Any CPU
		{7DEBA59D-54F2-4524-B956-610EEE0C5EB5}.Release|Any CPU.ActiveCfg = Release|Any CPU
		{7DEBA59D-54F2-4524-B956-610EEE0C5EB5}.Release|Any CPU.Build.0 = Release|Any CPU
		{1C406516-0D5E-43A8-9E9B-E5079F80ADB9}.Debug|Any CPU.ActiveCfg = Debug|Any CPU
		{1C406516-0D5E-43A8-9E9B-E5079F80ADB9}.Debug|Any CPU.Build.0 = Debug|Any CPU
		{1C406516-0D5E-43A8-9E9B-E5079F80ADB9}.Release|Any CPU.ActiveCfg = Release|Any CPU
		{1C406516-0D5E-43A8-9E9B-E5079F80ADB9}.Release|Any CPU.Build.0 = Release|Any CPU
		{F2AD4556-1BA6-42C2-82D8-9E4D8F24CB6F}.Debug|Any CPU.ActiveCfg = Debug|Any CPU
		{F2AD4556-1BA6-42C2-82D8-9E4D8F24CB6F}.Debug|Any CPU.Build.0 = Debug|Any CPU
		{F2AD4556-1BA6-42C2-82D8-9E4D8F24CB6F}.Release|Any CPU.ActiveCfg = Release|Any CPU
		{F2AD4556-1BA6-42C2-82D8-9E4D8F24CB6F}.Release|Any CPU.Build.0 = Release|Any CPU
		{2D250EDB-D62B-4530-A744-075D7B5B5AF1}.Debug|Any CPU.ActiveCfg = Debug|Any CPU
		{2D250EDB-D62B-4530-A744-075D7B5B5AF1}.Debug|Any CPU.Build.0 = Debug|Any CPU
		{2D250EDB-D62B-4530-A744-075D7B5B5AF1}.Debug|Any CPU.Deploy.0 = Debug|Any CPU
		{2D250EDB-D62B-4530-A744-075D7B5B5AF1}.Release|Any CPU.ActiveCfg = Release|Any CPU
		{2D250EDB-D62B-4530-A744-075D7B5B5AF1}.Release|Any CPU.Build.0 = Release|Any CPU
		{2D250EDB-D62B-4530-A744-075D7B5B5AF1}.Release|Any CPU.Deploy.0 = Release|Any CPU
		{62243488-E2DC-4801-8240-31D633A76500}.Debug|Any CPU.ActiveCfg = Debug|Any CPU
		{62243488-E2DC-4801-8240-31D633A76500}.Debug|Any CPU.Build.0 = Debug|Any CPU
		{62243488-E2DC-4801-8240-31D633A76500}.Release|Any CPU.ActiveCfg = Release|Any CPU
		{62243488-E2DC-4801-8240-31D633A76500}.Release|Any CPU.Build.0 = Release|Any CPU
		{D8CC0247-D55D-492F-9487-9AF90BFFF3C0}.Debug|Any CPU.ActiveCfg = Debug|Any CPU
		{D8CC0247-D55D-492F-9487-9AF90BFFF3C0}.Debug|Any CPU.Build.0 = Debug|Any CPU
		{D8CC0247-D55D-492F-9487-9AF90BFFF3C0}.Release|Any CPU.ActiveCfg = Release|Any CPU
		{D8CC0247-D55D-492F-9487-9AF90BFFF3C0}.Release|Any CPU.Build.0 = Release|Any CPU
	EndGlobalSection
	GlobalSection(SolutionProperties) = preSolution
		HideSolutionNode = FALSE
	EndGlobalSection
	GlobalSection(ExtensibilityGlobals) = postSolution
		SolutionGuid = {9F564F3E-B74A-4DF6-95C8-77D770902A00}
	EndGlobalSection
EndGlobal
